<?xml version="1.0" encoding="utf-8"?>
<Project ToolsVersion="4.0" xmlns="http://schemas.microsoft.com/developer/msbuild/2003">
  <ItemGroup>
    <Filter Include="Source Files">
      <UniqueIdentifier>{4FC737F1-C7A5-4376-A066-2A32D752A2FF}</UniqueIdentifier>
      <Extensions>cpp;c;cc;cxx;c++;cppm;ixx;def;odl;idl;hpj;bat;asm;asmx</Extensions>
    </Filter>
    <Filter Include="Header Files">
      <UniqueIdentifier>{93995380-89BD-4b04-88EB-625FBE52EBFB}</UniqueIdentifier>
      <Extensions>h;hh;hpp;hxx;h++;hm;inl;inc;ipp;xsd</Extensions>
    </Filter>
    <Filter Include="Resource Files">
      <UniqueIdentifier>{67DA6AB6-F800-4c08-8B7A-83BB121AAD01}</UniqueIdentifier>
      <Extensions>rc;ico;cur;bmp;dlg;rc2;rct;bin;rgs;gif;jpg;jpeg;jpe;resx;tiff;tif;png;wav;mfcribbon-ms</Extensions>
    </Filter>
  </ItemGroup>
  <ItemGroup>
    <ClInclude Include="include\os\window.hpp">
      <Filter>Header Files</Filter>
    </ClInclude>
    <ClInclude Include="include\core\coredefs.hpp">
      <Filter>Header Files</Filter>
    </ClInclude>
    <ClInclude Include="include\core\device.hpp">
      <Filter>Header Files</Filter>
    </ClInclude>
    <ClInclude Include="include\core\exception.hpp">
      <Filter>Header Files</Filter>
    </ClInclude>
    <ClInclude Include="include\core\swapchain.hpp">
      <Filter>Header Files</Filter>
    </ClInclude>
    <ClInclude Include="include\util\enum_info.hpp">
      <Filter>Header Files</Filter>
    </ClInclude>
    <ClInclude Include="include\util\property.hpp">
      <Filter>Header Files</Filter>
    </ClInclude>
    <ClInclude Include="include\vera\core\swapchain.h">
      <Filter>Header Files</Filter>
    </ClInclude>
    <ClInclude Include="include\vera\core\device.h">
      <Filter>Header Files</Filter>
    </ClInclude>
    <ClInclude Include="include\vera\core\coredefs.h">
      <Filter>Header Files</Filter>
    </ClInclude>
    <ClInclude Include="include\vera\core\exception.h">
      <Filter>Header Files</Filter>
    </ClInclude>
    <ClInclude Include="include\vera\os\window.h">
      <Filter>Header Files</Filter>
    </ClInclude>
    <ClInclude Include="include\vera\util\enum_traits.h">
      <Filter>Header Files</Filter>
    </ClInclude>
    <ClInclude Include="include\vera\util\property.h">
      <Filter>Header Files</Filter>
    </ClInclude>
    <ClInclude Include="include\vera\os\window_event.h">
      <Filter>Header Files</Filter>
    </ClInclude>
    <ClInclude Include="include\vera\math\vector_types.h">
      <Filter>Header Files</Filter>
    </ClInclude>
    <ClInclude Include="include\vera\os\mouse.h">
      <Filter>Header Files</Filter>
    </ClInclude>
    <ClInclude Include="include\vera\os\keyboard.h">
      <Filter>Header Files</Filter>
    </ClInclude>
    <ClInclude Include="include\vera\util\extent.h">
      <Filter>Header Files</Filter>
    </ClInclude>
    <ClInclude Include="source\internal\include_vulkan.h">
      <Filter>Header Files</Filter>
    </ClInclude>
    <ClInclude Include="include\vera\core\context.h">
      <Filter>Header Files</Filter>
    </ClInclude>
    <ClInclude Include="include\vera\core\texture.h">
      <Filter>Header Files</Filter>
    </ClInclude>
    <ClInclude Include="include\vera\util\version.h">
      <Filter>Header Files</Filter>
    </ClInclude>
    <ClInclude Include="include\vera\core\command_buffer.h">
      <Filter>Header Files</Filter>
    </ClInclude>
    <ClInclude Include="include\vera\vera.h">
      <Filter>Header Files</Filter>
    </ClInclude>
    <ClInclude Include="include\vera\util\flag.h">
      <Filter>Header Files</Filter>
    </ClInclude>
    <ClInclude Include="include\vera\pass\graphics_pass.h">
      <Filter>Header Files</Filter>
    </ClInclude>
    <ClInclude Include="source\impl\window_impl.h">
      <Filter>Header Files</Filter>
    </ClInclude>
    <ClInclude Include="include\vera\core\semaphore.h">
      <Filter>Header Files</Filter>
    </ClInclude>
    <ClInclude Include="include\vera\core\fence.h">
      <Filter>Header Files</Filter>
    </ClInclude>
    <ClInclude Include="include\vera\graphics\graphics_state.h">
      <Filter>Header Files</Filter>
    </ClInclude>
    <ClInclude Include="include\vera\core\core_object.h">
      <Filter>Header Files</Filter>
    </ClInclude>
    <ClInclude Include="include\vera\core\pipeline.h">
      <Filter>Header Files</Filter>
    </ClInclude>
    <ClInclude Include="include\vera\util\uuid.h">
      <Filter>Header Files</Filter>
    </ClInclude>
    <ClInclude Include="include\vera\core\pipeline_layout.h">
      <Filter>Header Files</Filter>
    </ClInclude>
    <ClInclude Include="include\vera\core\render_context.h">
      <Filter>Header Files</Filter>
    </ClInclude>
    <ClInclude Include="include\vera\core\shader.h">
      <Filter>Header Files</Filter>
    </ClInclude>
    <ClInclude Include="include\vera\util\static_vector.h">
      <Filter>Header Files</Filter>
    </ClInclude>
    <ClInclude Include="include\vera\core\descriptor_set_layout.h">
      <Filter>Header Files</Filter>
    </ClInclude>
    <ClInclude Include="include\vera\core\sampler.h">
      <Filter>Header Files</Filter>
    </ClInclude>
    <ClInclude Include="include\vera\util\hash.h">
      <Filter>Header Files</Filter>
    </ClInclude>
    <ClInclude Include="include\vera\graphics\color.h">
      <Filter>Header Files</Filter>
    </ClInclude>
    <ClInclude Include="include\vera\util\small_vector.h">
      <Filter>Header Files</Filter>
    </ClInclude>
    <ClInclude Include="include\vera\core\logger.h">
      <Filter>Header Files</Filter>
    </ClInclude>
    <ClInclude Include="include\vera\util\rect.h">
      <Filter>Header Files</Filter>
    </ClInclude>
    <ClInclude Include="include\vera\core\device_memory.h">
      <Filter>Header Files</Filter>
    </ClInclude>
    <ClInclude Include="include\vera\core\buffer.h">
      <Filter>Header Files</Filter>
    </ClInclude>
    <ClInclude Include="source\impl\context_impl.h">
      <Filter>Header Files</Filter>
    </ClInclude>
    <ClInclude Include="source\impl\device_impl.h">
      <Filter>Header Files</Filter>
    </ClInclude>
    <ClInclude Include="source\impl\render_context_impl.h">
      <Filter>Header Files</Filter>
    </ClInclude>
    <ClInclude Include="source\impl\swapchain_impl.h">
      <Filter>Header Files</Filter>
    </ClInclude>
    <ClInclude Include="source\impl\object_impl.h">
      <Filter>Header Files</Filter>
    </ClInclude>
    <ClInclude Include="source\impl\shader_impl.h">
      <Filter>Header Files</Filter>
    </ClInclude>
    <ClInclude Include="source\impl\descriptor_set_layout_impl.h">
      <Filter>Header Files</Filter>
    </ClInclude>
    <ClInclude Include="source\impl\pipeline_layout_impl.h">
      <Filter>Header Files</Filter>
    </ClInclude>
    <ClInclude Include="source\impl\pipeline_impl.h">
      <Filter>Header Files</Filter>
    </ClInclude>
    <ClInclude Include="source\impl\command_buffer_impl.h">
      <Filter>Header Files</Filter>
    </ClInclude>
    <ClInclude Include="source\impl\fence_impl.h">
      <Filter>Header Files</Filter>
    </ClInclude>
    <ClInclude Include="source\impl\semaphore_impl.h">
      <Filter>Header Files</Filter>
    </ClInclude>
    <ClInclude Include="source\impl\device_memory_impl.h">
      <Filter>Header Files</Filter>
    </ClInclude>
    <ClInclude Include="source\impl\sampler_impl.h">
      <Filter>Header Files</Filter>
    </ClInclude>
    <ClInclude Include="source\impl\buffer_impl.h">
      <Filter>Header Files</Filter>
    </ClInclude>
    <ClInclude Include="source\impl\texture_impl.h">
      <Filter>Header Files</Filter>
    </ClInclude>
    <ClInclude Include="include\vera\core\buffer_view.h">
      <Filter>Header Files</Filter>
    </ClInclude>
    <ClInclude Include="include\vera\core\texture_view.h">
      <Filter>Header Files</Filter>
    </ClInclude>
    <ClInclude Include="include\vera\util\stack_allocator.h">
      <Filter>Header Files</Filter>
    </ClInclude>
    <ClInclude Include="include\vera\math\matrix_types.h">
      <Filter>Header Files</Filter>
    </ClInclude>
    <ClInclude Include="include\vera\graphics\colormap.h">
      <Filter>Header Files</Filter>
    </ClInclude>
    <ClInclude Include="include\vera\core\assertion.h">
      <Filter>Header Files</Filter>
    </ClInclude>
    <ClInclude Include="include\vera\graphics\vertex_input.h">
      <Filter>Header Files</Filter>
    </ClInclude>
    <ClInclude Include="include\vera\graphics\image.h">
      <Filter>Header Files</Filter>
    </ClInclude>
    <ClInclude Include="include\vera\graphics\image_sampler.h">
      <Filter>Header Files</Filter>
    </ClInclude>
    <ClInclude Include="include\vera\graphics\format_traits.h">
      <Filter>Header Files</Filter>
    </ClInclude>
    <ClInclude Include="include\vera\core\shader_parameter.h">
      <Filter>Header Files</Filter>
    </ClInclude>
    <ClInclude Include="source\impl\shader_parameter_impl.h">
      <Filter>Header Files</Filter>
    </ClInclude>
    <ClInclude Include="include\vera\graphics\image_edit.h">
      <Filter>Header Files</Filter>
    </ClInclude>
    <ClInclude Include="source\graphics\pixel.h">
      <Filter>Header Files</Filter>
    </ClInclude>
    <ClInclude Include="include\vera\util\direction.h">
      <Filter>Header Files</Filter>
    </ClInclude>
    <ClInclude Include="include\vera\math\math_util.h">
      <Filter>Header Files</Filter>
    </ClInclude>
    <ClInclude Include="include\vera\graphics\transform2d.h">
      <Filter>Header Files</Filter>
    </ClInclude>
    <ClInclude Include="include\vera\math\radian.h">
      <Filter>Header Files</Filter>
    </ClInclude>
    <ClInclude Include="include\vera\graphics\model_loader.h">
      <Filter>Header Files</Filter>
    </ClInclude>
    <ClInclude Include="include\vera\graphics\transform3d.h">
      <Filter>Header Files</Filter>
    </ClInclude>
    <ClInclude Include="include\vera\util\arcball.h">
      <Filter>Header Files</Filter>
    </ClInclude>
    <ClInclude Include="include\vera\util\flycam.h">
      <Filter>Header Files</Filter>
    </ClInclude>
    <ClInclude Include="include\vera\util\camera.h">
      <Filter>Header Files</Filter>
    </ClInclude>
    <ClInclude Include="include\vera\math\quaternion.h">
      <Filter>Header Files</Filter>
    </ClInclude>
    <ClInclude Include="include\vera\math\vector_math.h">
      <Filter>Header Files</Filter>
    </ClInclude>
    <ClInclude Include="include\vera\math\constant.h">
      <Filter>Header Files</Filter>
    </ClInclude>
    <ClInclude Include="include\vera\util\timer.h">
      <Filter>Header Files</Filter>
    </ClInclude>
    <ClInclude Include="include\vera\core\framebuffer.h">
      <Filter>Header Files</Filter>
    </ClInclude>
    <ClInclude Include="source\impl\framebuffer_impl.h">
      <Filter>Header Files</Filter>
    </ClInclude>
    <ClInclude Include="include\vera\math\detail\vector2.h">
      <Filter>Header Files</Filter>
    </ClInclude>
    <ClInclude Include="include\vera\math\detail\vector_base.h">
      <Filter>Header Files</Filter>
    </ClInclude>
    <ClInclude Include="include\vera\math\detail\vector3.h">
      <Filter>Header Files</Filter>
    </ClInclude>
    <ClInclude Include="include\vera\math\detail\vector4.h">
      <Filter>Header Files</Filter>
    </ClInclude>
    <ClInclude Include="include\vera\math\detail\matrix_base.h">
      <Filter>Header Files</Filter>
    </ClInclude>
    <ClInclude Include="include\vera\math\detail\matrix2x2.h">
      <Filter>Header Files</Filter>
    </ClInclude>
    <ClInclude Include="include\vera\math\detail\config.h">
      <Filter>Header Files</Filter>
    </ClInclude>
    <ClInclude Include="include\vera\math\detail\matrix2x3.h">
      <Filter>Header Files</Filter>
    </ClInclude>
    <ClInclude Include="include\vera\math\detail\matrix2x4.h">
      <Filter>Header Files</Filter>
    </ClInclude>
    <ClInclude Include="include\vera\math\detail\matrix3x2.h">
      <Filter>Header Files</Filter>
    </ClInclude>
    <ClInclude Include="include\vera\math\detail\matrix3x3.h">
      <Filter>Header Files</Filter>
    </ClInclude>
    <ClInclude Include="include\vera\math\detail\matrix3x4.h">
      <Filter>Header Files</Filter>
    </ClInclude>
    <ClInclude Include="include\vera\math\detail\matrix4x2.h">
      <Filter>Header Files</Filter>
    </ClInclude>
    <ClInclude Include="include\vera\math\detail\matrix4x3.h">
      <Filter>Header Files</Filter>
    </ClInclude>
    <ClInclude Include="include\vera\math\detail\matrix4x4.h">
      <Filter>Header Files</Filter>
    </ClInclude>
    <ClInclude Include="include\vera\asset\asset_loader.h">
      <Filter>Header Files</Filter>
    </ClInclude>
    <ClInclude Include="include\vera\core\intrusive_ptr.h">
      <Filter>Header Files</Filter>
    </ClInclude>
    <ClInclude Include="source\asset\detail\fbx_loader.h">
      <Filter>Header Files</Filter>
    </ClInclude>
    <ClInclude Include="source\asset\detail\gltf_loader.h">
      <Filter>Header Files</Filter>
    </ClInclude>
    <ClInclude Include="include\vera\util\result_message.h">
      <Filter>Header Files</Filter>
    </ClInclude>
    <ClInclude Include="include\vera\scene\scene.h">
      <Filter>Header Files</Filter>
    </ClInclude>
    <ClInclude Include="include\vera\scene\axis_system.h">
      <Filter>Header Files</Filter>
    </ClInclude>
    <ClInclude Include="include\vera\scene\node.h">
      <Filter>Header Files</Filter>
    </ClInclude>
    <ClInclude Include="include\vera\scene\mesh_attribute.h">
      <Filter>Header Files</Filter>
    </ClInclude>
    <ClInclude Include="include\vera\scene\attribute.h">
      <Filter>Header Files</Filter>
    </ClInclude>
    <ClInclude Include="include\vera\core\descriptor_pool.h">
      <Filter>Header Files</Filter>
    </ClInclude>
    <ClInclude Include="source\impl\descriptor_pool_impl.h">
      <Filter>Header Files</Filter>
    </ClInclude>
    <ClInclude Include="source\impl\descriptor_set_impl.h">
      <Filter>Header Files</Filter>
    </ClInclude>
    <ClInclude Include="include\vera\core\command_buffer_sync.h">
      <Filter>Header Files</Filter>
    </ClInclude>
    <ClInclude Include="include\vera\util\array_view.h">
      <Filter>Header Files</Filter>
    </ClInclude>
    <ClInclude Include="include\vera\util\index_map.h">
      <Filter>Header Files</Filter>
    </ClInclude>
    <ClInclude Include="include\vera\core\descriptor_set.h">
      <Filter>Header Files</Filter>
    </ClInclude>
    <ClInclude Include="include\vera\core\render_frame.h">
      <Filter>Header Files</Filter>
    </ClInclude>
    <ClInclude Include="include\vera\util\ring_vector.h">
      <Filter>Header Files</Filter>
    </ClInclude>
    <ClInclude Include="include\vera\util\string_pool.h">
      <Filter>Header Files</Filter>
    </ClInclude>
    <ClInclude Include="include\vera\util\range.h">
      <Filter>Header Files</Filter>
    </ClInclude>
    <ClInclude Include="include\vera\util\ranged_set.h">
      <Filter>Header Files</Filter>
    </ClInclude>
    <ClInclude Include="include\vera\geometry\plane.h">
      <Filter>Header Files</Filter>
    </ClInclude>
    <ClInclude Include="include\vera\geometry\frustum.h">
      <Filter>Header Files</Filter>
    </ClInclude>
    <ClInclude Include="include\vera\geometry\sphere.h">
      <Filter>Header Files</Filter>
    </ClInclude>
    <ClInclude Include="include\vera\geometry\aabb.h">
      <Filter>Header Files</Filter>
    </ClInclude>
    <ClInclude Include="include\vera\geometry\line.h">
      <Filter>Header Files</Filter>
    </ClInclude>
    <ClInclude Include="include\vera\geometry\line_segment.h">
      <Filter>Header Files</Filter>
    </ClInclude>
    <ClInclude Include="include\vera\geometry\geometry.h">
      <Filter>Header Files</Filter>
    </ClInclude>
    <ClInclude Include="include\vera\math\sdf2d.h">
      <Filter>Header Files</Filter>
    </ClInclude>
    <ClInclude Include="include\vera\math\sdf3d.h">
      <Filter>Header Files</Filter>
    </ClInclude>
    <ClInclude Include="include\vera\pass\forward_pass.h">
      <Filter>Header Files</Filter>
    </ClInclude>
    <ClInclude Include="include\vera\typography\font.h">
      <Filter>Header Files</Filter>
    </ClInclude>
    <ClInclude Include="source\typography\open_type.h">
      <Filter>Header Files</Filter>
    </ClInclude>
    <ClInclude Include="source\parse.h">
      <Filter>Header Files</Filter>
    </ClInclude>
    <ClInclude Include="include\vera\geometry\bezier.h">
      <Filter>Header Files</Filter>
    </ClInclude>
    <ClInclude Include="include\vera\geometry\path.h">
      <Filter>Header Files</Filter>
    </ClInclude>
    <ClInclude Include="include\vera\util\lookup_table.h">
      <Filter>Header Files</Filter>
    </ClInclude>
    <ClInclude Include="include\vera\typography\font_manager.h">
      <Filter>Header Files</Filter>
    </ClInclude>
    <ClInclude Include="include\vera\typography\code_range.h">
      <Filter>Header Files</Filter>
    </ClInclude>
    <ClInclude Include="include\vera\typography\language.h">
      <Filter>Header Files</Filter>
    </ClInclude>
    <ClInclude Include="source\typography\font_impl_base.h">
      <Filter>Header Files</Filter>
    </ClInclude>
    <ClInclude Include="include\vera\typography\glyph.h">
      <Filter>Header Files</Filter>
    </ClInclude>
    <ClInclude Include="include\vera\typography\font_atlas.h">
      <Filter>Header Files</Filter>
    </ClInclude>
    <ClInclude Include="include\vera\util\rect_packer.h">
      <Filter>Header Files</Filter>
    </ClInclude>
    <ClInclude Include="source\debug\renderdoc_app.h">
      <Filter>Header Files</Filter>
    </ClInclude>
    <ClInclude Include="include\vera\debug\renderdoc.h">
      <Filter>Header Files</Filter>
    </ClInclude>
    <ClInclude Include="include\vera\geometry\circle.h">
      <Filter>Header Files</Filter>
    </ClInclude>
    <ClInclude Include="include\vera\pass\pass_object.h">
      <Filter>Header Files</Filter>
    </ClInclude>
    <ClInclude Include="include\vera\pass\pass_variable.h">
      <Filter>Header Files</Filter>
    </ClInclude>
    <ClInclude Include="include\vera\core\enum_types.h">
      <Filter>Header Files</Filter>
    </ClInclude>
    <ClInclude Include="include\vera\core\shader_variable.h">
      <Filter>Header Files</Filter>
    </ClInclude>
    <ClInclude Include="include\vera\util\flat_hash_map.h">
      <Filter>Header Files</Filter>
    </ClInclude>
    <ClInclude Include="include\vera\core\shader_reflection.h">
      <Filter>Header Files</Filter>
    </ClInclude>
    <ClInclude Include="source\impl\shader_reflection_impl.h">
      <Filter>Header Files</Filter>
    </ClInclude>
    <ClInclude Include="include\vera\util\flat_hash_map_view.h">
      <Filter>Header Files</Filter>
    </ClInclude>
    <ClInclude Include="source\spirv\reflection_desc.h">
      <Filter>Header Files</Filter>
    </ClInclude>
    <ClInclude Include="source\spirv\spirv_parser.h">
      <Filter>Header Files</Filter>
    </ClInclude>
  </ItemGroup>
  <ItemGroup>
    <ClCompile Include="source\os\window.cpp">
      <Filter>Source Files</Filter>
    </ClCompile>
    <ClCompile Include="source\core_object\device.cpp">
      <Filter>Source Files</Filter>
    </ClCompile>
    <ClCompile Include="source\core_object\context.cpp">
      <Filter>Source Files</Filter>
    </ClCompile>
    <ClCompile Include="source\core_object\swapchain.cpp">
      <Filter>Source Files</Filter>
    </ClCompile>
    <ClCompile Include="source\core_object\texture.cpp">
      <Filter>Source Files</Filter>
    </ClCompile>
    <ClCompile Include="source\core_object\semaphore.cpp">
      <Filter>Source Files</Filter>
    </ClCompile>
    <ClCompile Include="source\core_object\fence.cpp">
      <Filter>Source Files</Filter>
    </ClCompile>
    <ClCompile Include="source\pass\graphics_pass.cpp">
      <Filter>Source Files</Filter>
    </ClCompile>
    <ClCompile Include="source\core_object\command_buffer.cpp">
      <Filter>Source Files</Filter>
    </ClCompile>
    <ClCompile Include="source\graphics\graphics_state.cpp">
      <Filter>Source Files</Filter>
    </ClCompile>
    <ClCompile Include="source\core_object\pipeline.cpp">
      <Filter>Source Files</Filter>
    </ClCompile>
    <ClCompile Include="source\core_object\pipeline_layout.cpp">
      <Filter>Source Files</Filter>
    </ClCompile>
    <ClCompile Include="source\core_object\shader.cpp">
      <Filter>Source Files</Filter>
    </ClCompile>
    <ClCompile Include="source\core_object\descriptor_set_layout.cpp">
      <Filter>Source Files</Filter>
    </ClCompile>
    <ClCompile Include="source\core_object\sampler.cpp">
      <Filter>Source Files</Filter>
    </ClCompile>
    <ClCompile Include="source\core_object\render_context.cpp">
      <Filter>Source Files</Filter>
    </ClCompile>
    <ClCompile Include="source\logger.cpp">
      <Filter>Source Files</Filter>
    </ClCompile>
    <ClCompile Include="source\core_object\device_memory.cpp">
      <Filter>Source Files</Filter>
    </ClCompile>
    <ClCompile Include="source\core_object\buffer.cpp">
      <Filter>Source Files</Filter>
    </ClCompile>
    <ClCompile Include="source\colormap.cpp">
      <Filter>Source Files</Filter>
    </ClCompile>
    <ClCompile Include="source\core_object\texture_view.cpp">
      <Filter>Source Files</Filter>
    </ClCompile>
    <ClCompile Include="source\graphics\image.cpp">
      <Filter>Source Files</Filter>
    </ClCompile>
    <ClCompile Include="source\graphics\format_traits.cpp">
      <Filter>Source Files</Filter>
    </ClCompile>
    <ClCompile Include="source\core_object\shader_parameter.cpp">
      <Filter>Source Files</Filter>
    </ClCompile>
    <ClCompile Include="source\graphics\image_edit.cpp">
      <Filter>Source Files</Filter>
    </ClCompile>
    <ClCompile Include="source\graphics\image_sampler.cpp">
      <Filter>Source Files</Filter>
    </ClCompile>
    <ClCompile Include="source\graphics\transform2d.cpp">
      <Filter>Source Files</Filter>
    </ClCompile>
    <ClCompile Include="source\graphics\model_loader.cpp">
      <Filter>Source Files</Filter>
    </ClCompile>
    <ClCompile Include="source\graphics\transform3d.cpp">
      <Filter>Source Files</Filter>
    </ClCompile>
    <ClCompile Include="source\core_object\buffer_view.cpp">
      <Filter>Source Files</Filter>
    </ClCompile>
    <ClCompile Include="source\util\arcball.cpp">
      <Filter>Source Files</Filter>
    </ClCompile>
    <ClCompile Include="source\util\flycam.cpp">
      <Filter>Source Files</Filter>
    </ClCompile>
    <ClCompile Include="source\os\keyboard.cpp">
      <Filter>Source Files</Filter>
    </ClCompile>
    <ClCompile Include="source\core_object\framebuffer.cpp">
      <Filter>Source Files</Filter>
    </ClCompile>
    <ClCompile Include="source\asset\asset_loader.cpp">
      <Filter>Source Files</Filter>
    </ClCompile>
    <ClCompile Include="source\scene\scene.cpp">
      <Filter>Source Files</Filter>
    </ClCompile>
    <ClCompile Include="source\scene\scene_node.cpp">
      <Filter>Source Files</Filter>
    </ClCompile>
    <ClCompile Include="source\scene\mesh_attribute.cpp">
      <Filter>Source Files</Filter>
    </ClCompile>
    <ClCompile Include="source\core_object\descriptor_pool.cpp">
      <Filter>Source Files</Filter>
    </ClCompile>
    <ClCompile Include="source\core\command_buffer_sync.cpp">
      <Filter>Source Files</Filter>
    </ClCompile>
    <ClCompile Include="source\core\exception.cpp">
      <Filter>Source Files</Filter>
    </ClCompile>
    <ClCompile Include="source\core_object\decriptor_set.cpp">
      <Filter>Source Files</Filter>
    </ClCompile>
    <ClCompile Include="source\typography\font.cpp">
      <Filter>Source Files</Filter>
    </ClCompile>
    <ClCompile Include="source\os\mouse.cpp">
      <Filter>Source Files</Filter>
    </ClCompile>
    <ClCompile Include="source\typography\font_manager.cpp">
      <Filter>Source Files</Filter>
    </ClCompile>
    <ClCompile Include="source\typography\open_type.cpp">
      <Filter>Source Files</Filter>
    </ClCompile>
    <ClCompile Include="source\typography\font_atlas.cpp">
      <Filter>Source Files</Filter>
    </ClCompile>
    <ClCompile Include="source\util\rect_packer.cpp">
      <Filter>Source Files</Filter>
    </ClCompile>
    <ClCompile Include="source\debug\renderdoc.cpp">
      <Filter>Source Files</Filter>
    </ClCompile>
    <ClCompile Include="source\core\shader_variable.cpp">
      <Filter>Source Files</Filter>
    </ClCompile>
    <ClCompile Include="source\core_object\shader_reflection.cpp">
      <Filter>Source Files</Filter>
    </ClCompile>
    <ClCompile Include="source\spirv\spirv_parser.cpp">
      <Filter>Source Files</Filter>
    </ClCompile>
    <ClCompile Include="source\spirv\reflection_desc.cpp">
      <Filter>Source Files</Filter>
    </ClCompile>
  </ItemGroup>
  <ItemGroup>
    <Text Include="include\vera\scene\sample_scene.txt" />
    <Text Include="vera.natjmc" />
  </ItemGroup>
  <ItemGroup>
    <Natvis Include="vera.natvis" />
  </ItemGroup>
  <ItemGroup>
    <None Include="glsl shader\shader_toy\shader_toy3.frag.glsl" />
    <None Include="glsl shader\shader_toy\shader_toy4.frag.glsl" />
    <None Include="glsl shader\font_atlas\mesh_sdf.mesh.glsl" />
    <None Include="glsl shader\font_atlas\mesh_sdf.frag.glsl" />
    <None Include="cpp.hint" />
  </ItemGroup>
</Project>